
Microsoft Visual Studio Solution File, Format Version 12.00
# Visual Studio 2013
VisualStudioVersion = 12.0.20827.3
MinimumVisualStudioVersion = 10.0.40219.1
Project("{FAE04EC0-301F-11D3-BF4B-00C04F79EFBC}") = "02.Calculator", "02.Calculator\02.Calculator.csproj", "{FDCA0AB4-8751-4E52-94DD-59CFA7D22323}"
EndProject
Project("{FAE04EC0-301F-11D3-BF4B-00C04F79EFBC}") = "03.Quest", "03.Quest\03.Quest.csproj", "{293B3896-8044-4794-9123-CCE3C1B91E88}"
EndProject
Global
	GlobalSection(SolutionConfigurationPlatforms) = preSolution
		Debug|Any CPU = Debug|Any CPU
		Release|Any CPU = Release|Any CPU
	EndGlobalSection
	GlobalSection(ProjectConfigurationPlatforms) = postSolution
		{FDCA0AB4-8751-4E52-94DD-59CFA7D22323}.Debug|Any CPU.ActiveCfg = Debug|Any CPU
		{FDCA0AB4-8751-4E52-94DD-59CFA7D22323}.Debug|Any CPU.Build.0 = Debug|Any CPU
		{FDCA0AB4-8751-4E52-94DD-59CFA7D22323}.Release|Any CPU.ActiveCfg = Release|Any CPU
		{FDCA0AB4-8751-4E52-94DD-59CFA7D22323}.Release|Any CPU.Build.0 = Release|Any CPU
		{293B3896-8044-4794-9123-CCE3C1B91E88}.Debug|Any CPU.ActiveCfg = Debug|Any CPU
		{293B3896-8044-4794-9123-CCE3C1B91E88}.Debug|Any CPU.Build.0 = Debug|Any CPU
		{293B3896-8044-4794-9123-CCE3C1B91E88}.Release|Any CPU.ActiveCfg = Release|Any CPU
		{293B3896-8044-4794-9123-CCE3C1B91E88}.Release|Any CPU.Build.0 = Release|Any CPU
	EndGlobalSection
	GlobalSection(SolutionProperties) = preSolution
		HideSolutionNode = FALSE
	EndGlobalSection
EndGlobal
