
Microsoft Visual Studio Solution File, Format Version 12.00
# Visual Studio 2013
VisualStudioVersion = 12.0.20827.3
MinimumVisualStudioVersion = 10.0.40219.1
Project("{FAE04EC0-301F-11D3-BF4B-00C04F79EFBC}") = "ExamApp.Web", "ExamApp.Web\ExamApp.Web.csproj", "{9637A5EA-0996-40A3-B7E4-B54DBFBC3A08}"
EndProject
Project("{FAE04EC0-301F-11D3-BF4B-00C04F79EFBC}") = "ExamApp.Models", "ExamApp.Models\ExamApp.Models.csproj", "{75644F11-A43B-45B2-9FA0-2891E57FDE14}"
EndProject
Project("{FAE04EC0-301F-11D3-BF4B-00C04F79EFBC}") = "ExamApp.Data", "ExamApp.Data\ExamApp.Data.csproj", "{CCBAC73A-0608-4114-8886-7E552C85ED6C}"
EndProject
Global
	GlobalSection(SolutionConfigurationPlatforms) = preSolution
		Debug|Any CPU = Debug|Any CPU
		Release|Any CPU = Release|Any CPU
	EndGlobalSection
	GlobalSection(ProjectConfigurationPlatforms) = postSolution
		{9637A5EA-0996-40A3-B7E4-B54DBFBC3A08}.Debug|Any CPU.ActiveCfg = Debug|Any CPU
		{9637A5EA-0996-40A3-B7E4-B54DBFBC3A08}.Debug|Any CPU.Build.0 = Debug|Any CPU
		{9637A5EA-0996-40A3-B7E4-B54DBFBC3A08}.Release|Any CPU.ActiveCfg = Release|Any CPU
		{9637A5EA-0996-40A3-B7E4-B54DBFBC3A08}.Release|Any CPU.Build.0 = Release|Any CPU
		{75644F11-A43B-45B2-9FA0-2891E57FDE14}.Debug|Any CPU.ActiveCfg = Debug|Any CPU
		{75644F11-A43B-45B2-9FA0-2891E57FDE14}.Debug|Any CPU.Build.0 = Debug|Any CPU
		{75644F11-A43B-45B2-9FA0-2891E57FDE14}.Release|Any CPU.ActiveCfg = Release|Any CPU
		{75644F11-A43B-45B2-9FA0-2891E57FDE14}.Release|Any CPU.Build.0 = Release|Any CPU
		{CCBAC73A-0608-4114-8886-7E552C85ED6C}.Debug|Any CPU.ActiveCfg = Debug|Any CPU
		{CCBAC73A-0608-4114-8886-7E552C85ED6C}.Debug|Any CPU.Build.0 = Debug|Any CPU
		{CCBAC73A-0608-4114-8886-7E552C85ED6C}.Release|Any CPU.ActiveCfg = Release|Any CPU
		{CCBAC73A-0608-4114-8886-7E552C85ED6C}.Release|Any CPU.Build.0 = Release|Any CPU
	EndGlobalSection
	GlobalSection(SolutionProperties) = preSolution
		HideSolutionNode = FALSE
	EndGlobalSection
EndGlobal
